
Microsoft Visual Studio Solution File, Format Version 12.00
# Visual Studio Version 17
VisualStudioVersion = 17.2.32630.192
MinimumVisualStudioVersion = 10.0.40219.1
Project("{9A19103F-16F7-4668-BE54-9A1E7A4F7556}") = "WebSocketServer", "WebSocketServer\WebSocketServer.csproj", "{91F7106E-464A-4B68-9EE6-0C371108246C}"
EndProject
Project("{E53339B2-1760-4266-BCC7-CA923CBCF16C}") = "docker-compose", "docker-compose.dcproj", "{98992324-E70D-49E9-A01E-B9687CC263D0}"
EndProject
Project("{9A19103F-16F7-4668-BE54-9A1E7A4F7556}") = "TextOperations", "TextOperations\TextOperations.csproj", "{3FC1EC69-C949-4D3E-95B4-8C30DF8C798C}"
EndProject
Project("{9A19103F-16F7-4668-BE54-9A1E7A4F7556}") = "TextOperationsUnitTests", "TextOperationsUnitTests\TextOperationsUnitTests.csproj", "{A66BCB1B-8D8D-46B3-A44B-025F67A0FD30}"
EndProject
Global
	GlobalSection(SolutionConfigurationPlatforms) = preSolution
		Debug|Any CPU = Debug|Any CPU
		Release|Any CPU = Release|Any CPU
	EndGlobalSection
	GlobalSection(ProjectConfigurationPlatforms) = postSolution
		{91F7106E-464A-4B68-9EE6-0C371108246C}.Debug|Any CPU.ActiveCfg = Debug|Any CPU
		{91F7106E-464A-4B68-9EE6-0C371108246C}.Debug|Any CPU.Build.0 = Debug|Any CPU
		{91F7106E-464A-4B68-9EE6-0C371108246C}.Release|Any CPU.ActiveCfg = Release|Any CPU
		{91F7106E-464A-4B68-9EE6-0C371108246C}.Release|Any CPU.Build.0 = Release|Any CPU
		{98992324-E70D-49E9-A01E-B9687CC263D0}.Debug|Any CPU.ActiveCfg = Debug|Any CPU
		{98992324-E70D-49E9-A01E-B9687CC263D0}.Debug|Any CPU.Build.0 = Debug|Any CPU
		{98992324-E70D-49E9-A01E-B9687CC263D0}.Release|Any CPU.ActiveCfg = Release|Any CPU
		{98992324-E70D-49E9-A01E-B9687CC263D0}.Release|Any CPU.Build.0 = Release|Any CPU
		{3FC1EC69-C949-4D3E-95B4-8C30DF8C798C}.Debug|Any CPU.ActiveCfg = Debug|Any CPU
		{3FC1EC69-C949-4D3E-95B4-8C30DF8C798C}.Debug|Any CPU.Build.0 = Debug|Any CPU
		{3FC1EC69-C949-4D3E-95B4-8C30DF8C798C}.Release|Any CPU.ActiveCfg = Release|Any CPU
		{3FC1EC69-C949-4D3E-95B4-8C30DF8C798C}.Release|Any CPU.Build.0 = Release|Any CPU
		{A66BCB1B-8D8D-46B3-A44B-025F67A0FD30}.Debug|Any CPU.ActiveCfg = Debug|Any CPU
		{A66BCB1B-8D8D-46B3-A44B-025F67A0FD30}.Debug|Any CPU.Build.0 = Debug|Any CPU
		{A66BCB1B-8D8D-46B3-A44B-025F67A0FD30}.Release|Any CPU.ActiveCfg = Release|Any CPU
		{A66BCB1B-8D8D-46B3-A44B-025F67A0FD30}.Release|Any CPU.Build.0 = Release|Any CPU
	EndGlobalSection
	GlobalSection(SolutionProperties) = preSolution
		HideSolutionNode = FALSE
	EndGlobalSection
	GlobalSection(ExtensibilityGlobals) = postSolution
		SolutionGuid = {230C45E5-69D6-4C41-AC0F-AB1756A1679A}
	EndGlobalSection
EndGlobal
