
Microsoft Visual Studio Solution File, Format Version 12.00
# Visual Studio Version 17
VisualStudioVersion = 17.2.32630.192
MinimumVisualStudioVersion = 10.0.40219.1
Project("{FAE04EC0-301F-11D3-BF4B-00C04F79EFBC}") = "WebSocketServer", "WebSocketServer\WebSocketServer.csproj", "{91F7106E-464A-4B68-9EE6-0C371108246C}"
EndProject
Project("{E53339B2-1760-4266-BCC7-CA923CBCF16C}") = "docker-compose", "docker-compose.dcproj", "{98992324-E70D-49E9-A01E-B9687CC263D0}"
EndProject
Global
	GlobalSection(SolutionConfigurationPlatforms) = preSolution
		Debug|Any CPU = Debug|Any CPU
		Release|Any CPU = Release|Any CPU
	EndGlobalSection
	GlobalSection(ProjectConfigurationPlatforms) = postSolution
		{91F7106E-464A-4B68-9EE6-0C371108246C}.Debug|Any CPU.ActiveCfg = Debug|Any CPU
		{91F7106E-464A-4B68-9EE6-0C371108246C}.Debug|Any CPU.Build.0 = Debug|Any CPU
		{91F7106E-464A-4B68-9EE6-0C371108246C}.Release|Any CPU.ActiveCfg = Release|Any CPU
		{91F7106E-464A-4B68-9EE6-0C371108246C}.Release|Any CPU.Build.0 = Release|Any CPU
		{98992324-E70D-49E9-A01E-B9687CC263D0}.Debug|Any CPU.ActiveCfg = Debug|Any CPU
		{98992324-E70D-49E9-A01E-B9687CC263D0}.Debug|Any CPU.Build.0 = Debug|Any CPU
		{98992324-E70D-49E9-A01E-B9687CC263D0}.Release|Any CPU.ActiveCfg = Release|Any CPU
		{98992324-E70D-49E9-A01E-B9687CC263D0}.Release|Any CPU.Build.0 = Release|Any CPU
	EndGlobalSection
	GlobalSection(SolutionProperties) = preSolution
		HideSolutionNode = FALSE
	EndGlobalSection
	GlobalSection(ExtensibilityGlobals) = postSolution
		SolutionGuid = {230C45E5-69D6-4C41-AC0F-AB1756A1679A}
	EndGlobalSection
EndGlobal
